// !$*UTF8*$!
{
	archiveVersion = 1;
	classes = {
	};
	objectVersion = 56;
	objects = {

/* Begin PBXBuildFile section */
		3D66DC802B9F7EF400948047 /* IntroducirUbicacionView.swift in Sources */ = {isa = PBXBuildFile; fileRef = 3D66DC7F2B9F7EF400948047 /* IntroducirUbicacionView.swift */; };
		3D75B2802BA0DA6100B14A09 /* DetalleLibro.swift in Sources */ = {isa = PBXBuildFile; fileRef = 3D75B27F2BA0DA6100B14A09 /* DetalleLibro.swift */; };
		3D8826F62B9F7DFD00CF248C /* RegistroView.swift in Sources */ = {isa = PBXBuildFile; fileRef = 3D8826F52B9F7DFD00CF248C /* RegistroView.swift */; };
		3D9FBFF92BA0C2AC001BFFDD /* InicioView.swift in Sources */ = {isa = PBXBuildFile; fileRef = 3D9FBFF82BA0C2AC001BFFDD /* InicioView.swift */; };
		3DBC66E32B9F7BF8001A6B90 /* BookieAppApp.swift in Sources */ = {isa = PBXBuildFile; fileRef = 3DBC66E22B9F7BF8001A6B90 /* BookieAppApp.swift */; };
		3DBC66E52B9F7BF8001A6B90 /* ContentView.swift in Sources */ = {isa = PBXBuildFile; fileRef = 3DBC66E42B9F7BF8001A6B90 /* ContentView.swift */; };
		3DBC66E72B9F7BF9001A6B90 /* Assets.xcassets in Resources */ = {isa = PBXBuildFile; fileRef = 3DBC66E62B9F7BF9001A6B90 /* Assets.xcassets */; };
		3DBC66EA2B9F7BF9001A6B90 /* Preview Assets.xcassets in Resources */ = {isa = PBXBuildFile; fileRef = 3DBC66E92B9F7BF9001A6B90 /* Preview Assets.xcassets */; };
		3DDD96102B9F82B300ABEDE2 /* ListaLibros.swift in Sources */ = {isa = PBXBuildFile; fileRef = 3DDD960F2B9F82B300ABEDE2 /* ListaLibros.swift */; };
		3DDD96122B9F85A400ABEDE2 /* VistaCeldaLibro.swift in Sources */ = {isa = PBXBuildFile; fileRef = 3DDD96112B9F85A400ABEDE2 /* VistaCeldaLibro.swift */; };
/* End PBXBuildFile section */

/* Begin PBXFileReference section */
		3D66DC7F2B9F7EF400948047 /* IntroducirUbicacionView.swift */ = {isa = PBXFileReference; lastKnownFileType = sourcecode.swift; path = IntroducirUbicacionView.swift; sourceTree = "<group>"; };
		3D75B27F2BA0DA6100B14A09 /* DetalleLibro.swift */ = {isa = PBXFileReference; lastKnownFileType = sourcecode.swift; path = DetalleLibro.swift; sourceTree = "<group>"; };
		3D8826F52B9F7DFD00CF248C /* RegistroView.swift */ = {isa = PBXFileReference; lastKnownFileType = sourcecode.swift; path = RegistroView.swift; sourceTree = "<group>"; };
		3D9FBFF82BA0C2AC001BFFDD /* InicioView.swift */ = {isa = PBXFileReference; lastKnownFileType = sourcecode.swift; path = InicioView.swift; sourceTree = "<group>"; };
		3DBC66DF2B9F7BF8001A6B90 /* BookieApp.app */ = {isa = PBXFileReference; explicitFileType = wrapper.application; includeInIndex = 0; path = BookieApp.app; sourceTree = BUILT_PRODUCTS_DIR; };
		3DBC66E22B9F7BF8001A6B90 /* BookieAppApp.swift */ = {isa = PBXFileReference; lastKnownFileType = sourcecode.swift; path = BookieAppApp.swift; sourceTree = "<group>"; };
		3DBC66E42B9F7BF8001A6B90 /* ContentView.swift */ = {isa = PBXFileReference; lastKnownFileType = sourcecode.swift; path = ContentView.swift; sourceTree = "<group>"; };
		3DBC66E62B9F7BF9001A6B90 /* Assets.xcassets */ = {isa = PBXFileReference; lastKnownFileType = folder.assetcatalog; path = Assets.xcassets; sourceTree = "<group>"; };
		3DBC66E92B9F7BF9001A6B90 /* Preview Assets.xcassets */ = {isa = PBXFileReference; lastKnownFileType = folder.assetcatalog; path = "Preview Assets.xcassets"; sourceTree = "<group>"; };
		3DDD960F2B9F82B300ABEDE2 /* ListaLibros.swift */ = {isa = PBXFileReference; lastKnownFileType = sourcecode.swift; path = ListaLibros.swift; sourceTree = "<group>"; };
		3DDD96112B9F85A400ABEDE2 /* VistaCeldaLibro.swift */ = {isa = PBXFileReference; lastKnownFileType = sourcecode.swift; path = VistaCeldaLibro.swift; sourceTree = "<group>"; };
/* End PBXFileReference section */

/* Begin PBXFrameworksBuildPhase section */
		3DBC66DC2B9F7BF8001A6B90 /* Frameworks */ = {
			isa = PBXFrameworksBuildPhase;
			buildActionMask = 2147483647;
			files = (
			);
			runOnlyForDeploymentPostprocessing = 0;
		};
/* End PBXFrameworksBuildPhase section */

/* Begin PBXGroup section */
		3D75B27E2BA0CF6A00B14A09 /* Vistas */ = {
			isa = PBXGroup;
			children = (
				3DDD96112B9F85A400ABEDE2 /* VistaCeldaLibro.swift */,
				3DDD960F2B9F82B300ABEDE2 /* ListaLibros.swift */,
				3DBC66E42B9F7BF8001A6B90 /* ContentView.swift */,
				3D66DC7F2B9F7EF400948047 /* IntroducirUbicacionView.swift */,
				3D9FBFF82BA0C2AC001BFFDD /* InicioView.swift */,
				3D8826F52B9F7DFD00CF248C /* RegistroView.swift */,
				3D75B27F2BA0DA6100B14A09 /* DetalleLibro.swift */,
			);
			path = Vistas;
			sourceTree = "<group>";
		};
		3DBC66D62B9F7BF8001A6B90 = {
			isa = PBXGroup;
			children = (
				3DBC66E12B9F7BF8001A6B90 /* BookieApp */,
				3DBC66E02B9F7BF8001A6B90 /* Products */,
			);
			sourceTree = "<group>";
		};
		3DBC66E02B9F7BF8001A6B90 /* Products */ = {
			isa = PBXGroup;
			children = (
				3DBC66DF2B9F7BF8001A6B90 /* BookieApp.app */,
			);
			name = Products;
			sourceTree = "<group>";
		};
		3DBC66E12B9F7BF8001A6B90 /* BookieApp */ = {
			isa = PBXGroup;
			children = (
				3D75B27E2BA0CF6A00B14A09 /* Vistas */,
				3DBC66E22B9F7BF8001A6B90 /* BookieAppApp.swift */,
				3DBC66E62B9F7BF9001A6B90 /* Assets.xcassets */,
				3DBC66E82B9F7BF9001A6B90 /* Preview Content */,
			);
			path = BookieApp;
			sourceTree = "<group>";
		};
		3DBC66E82B9F7BF9001A6B90 /* Preview Content */ = {
			isa = PBXGroup;
			children = (
				3DBC66E92B9F7BF9001A6B90 /* Preview Assets.xcassets */,
			);
			path = "Preview Content";
			sourceTree = "<group>";
		};
/* End PBXGroup section */

/* Begin PBXNativeTarget section */
		3DBC66DE2B9F7BF8001A6B90 /* BookieApp */ = {
			isa = PBXNativeTarget;
			buildConfigurationList = 3DBC66ED2B9F7BF9001A6B90 /* Build configuration list for PBXNativeTarget "BookieApp" */;
			buildPhases = (
				3DBC66DB2B9F7BF8001A6B90 /* Sources */,
				3DBC66DC2B9F7BF8001A6B90 /* Frameworks */,
				3DBC66DD2B9F7BF8001A6B90 /* Resources */,
			);
			buildRules = (
			);
			dependencies = (
			);
			name = BookieApp;
			productName = BookieApp;
			productReference = 3DBC66DF2B9F7BF8001A6B90 /* BookieApp.app */;
			productType = "com.apple.product-type.application";
		};
/* End PBXNativeTarget section */

/* Begin PBXProject section */
		3DBC66D72B9F7BF8001A6B90 /* Project object */ = {
			isa = PBXProject;
			attributes = {
				BuildIndependentTargetsInParallel = 1;
				LastSwiftUpdateCheck = 1530;
				LastUpgradeCheck = 1530;
				TargetAttributes = {
					3DBC66DE2B9F7BF8001A6B90 = {
						CreatedOnToolsVersion = 15.3;
					};
				};
			};
			buildConfigurationList = 3DBC66DA2B9F7BF8001A6B90 /* Build configuration list for PBXProject "BookieApp" */;
			compatibilityVersion = "Xcode 14.0";
			developmentRegion = en;
			hasScannedForEncodings = 0;
			knownRegions = (
				en,
				Base,
			);
			mainGroup = 3DBC66D62B9F7BF8001A6B90;
			productRefGroup = 3DBC66E02B9F7BF8001A6B90 /* Products */;
			projectDirPath = "";
			projectRoot = "";
			targets = (
				3DBC66DE2B9F7BF8001A6B90 /* BookieApp */,
			);
		};
/* End PBXProject section */

/* Begin PBXResourcesBuildPhase section */
		3DBC66DD2B9F7BF8001A6B90 /* Resources */ = {
			isa = PBXResourcesBuildPhase;
			buildActionMask = 2147483647;
			files = (
				3DBC66EA2B9F7BF9001A6B90 /* Preview Assets.xcassets in Resources */,
				3DBC66E72B9F7BF9001A6B90 /* Assets.xcassets in Resources */,
			);
			runOnlyForDeploymentPostprocessing = 0;
		};
/* End PBXResourcesBuildPhase section */

/* Begin PBXSourcesBuildPhase section */
		3DBC66DB2B9F7BF8001A6B90 /* Sources */ = {
			isa = PBXSourcesBuildPhase;
			buildActionMask = 2147483647;
			files = (
				3D75B2802BA0DA6100B14A09 /* DetalleLibro.swift in Sources */,
				3D9FBFF92BA0C2AC001BFFDD /* InicioView.swift in Sources */,
				3D8826F62B9F7DFD00CF248C /* RegistroView.swift in Sources */,
				3DBC66E52B9F7BF8001A6B90 /* ContentView.swift in Sources */,
				3DDD96122B9F85A400ABEDE2 /* VistaCeldaLibro.swift in Sources */,
				3DBC66E32B9F7BF8001A6B90 /* BookieAppApp.swift in Sources */,
				3DDD96102B9F82B300ABEDE2 /* ListaLibros.swift in Sources */,
				3D66DC802B9F7EF400948047 /* IntroducirUbicacionView.swift in Sources */,
			);
			runOnlyForDeploymentPostprocessing = 0;
		};
/* End PBXSourcesBuildPhase section */

/* Begin XCBuildConfiguration section */
		3DBC66EB2B9F7BF9001A6B90 /* Debug */ = {
			isa = XCBuildConfiguration;
			buildSettings = {
				ALWAYS_SEARCH_USER_PATHS = NO;
				ASSETCATALOG_COMPILER_GENERATE_SWIFT_ASSET_SYMBOL_EXTENSIONS = YES;
				CLANG_ANALYZER_NONNULL = YES;
				CLANG_ANALYZER_NUMBER_OBJECT_CONVERSION = YES_AGGRESSIVE;
				CLANG_CXX_LANGUAGE_STANDARD = "gnu++20";
				CLANG_ENABLE_MODULES = YES;
				CLANG_ENABLE_OBJC_ARC = YES;
				CLANG_ENABLE_OBJC_WEAK = YES;
				CLANG_WARN_BLOCK_CAPTURE_AUTORELEASING = YES;
				CLANG_WARN_BOOL_CONVERSION = YES;
				CLANG_WARN_COMMA = YES;
				CLANG_WARN_CONSTANT_CONVERSION = YES;
				CLANG_WARN_DEPRECATED_OBJC_IMPLEMENTATIONS = YES;
				CLANG_WARN_DIRECT_OBJC_ISA_USAGE = YES_ERROR;
				CLANG_WARN_DOCUMENTATION_COMMENTS = YES;
				CLANG_WARN_EMPTY_BODY = YES;
				CLANG_WARN_ENUM_CONVERSION = YES;
				CLANG_WARN_INFINITE_RECURSION = YES;
				CLANG_WARN_INT_CONVERSION = YES;
				CLANG_WARN_NON_LITERAL_NULL_CONVERSION = YES;
				CLANG_WARN_OBJC_IMPLICIT_RETAIN_SELF = YES;
				CLANG_WARN_OBJC_LITERAL_CONVERSION = YES;
				CLANG_WARN_OBJC_ROOT_CLASS = YES_ERROR;
				CLANG_WARN_QUOTED_INCLUDE_IN_FRAMEWORK_HEADER = YES;
				CLANG_WARN_RANGE_LOOP_ANALYSIS = YES;
				CLANG_WARN_STRICT_PROTOTYPES = YES;
				CLANG_WARN_SUSPICIOUS_MOVE = YES;
				CLANG_WARN_UNGUARDED_AVAILABILITY = YES_AGGRESSIVE;
				CLANG_WARN_UNREACHABLE_CODE = YES;
				CLANG_WARN__DUPLICATE_METHOD_MATCH = YES;
				COPY_PHASE_STRIP = NO;
				DEBUG_INFORMATION_FORMAT = dwarf;
				ENABLE_STRICT_OBJC_MSGSEND = YES;
				ENABLE_TESTABILITY = YES;
				ENABLE_USER_SCRIPT_SANDBOXING = YES;
				GCC_C_LANGUAGE_STANDARD = gnu17;
				GCC_DYNAMIC_NO_PIC = NO;
				GCC_NO_COMMON_BLOCKS = YES;
				GCC_OPTIMIZATION_LEVEL = 0;
				GCC_PREPROCESSOR_DEFINITIONS = (
					"DEBUG=1",
					"$(inherited)",
				);
				GCC_WARN_64_TO_32_BIT_CONVERSION = YES;
				GCC_WARN_ABOUT_RETURN_TYPE = YES_ERROR;
				GCC_WARN_UNDECLARED_SELECTOR = YES;
				GCC_WARN_UNINITIALIZED_AUTOS = YES_AGGRESSIVE;
				GCC_WARN_UNUSED_FUNCTION = YES;
				GCC_WARN_UNUSED_VARIABLE = YES;
				IPHONEOS_DEPLOYMENT_TARGET = 17.4;
				LOCALIZATION_PREFERS_STRING_CATALOGS = YES;
				MTL_ENABLE_DEBUG_INFO = INCLUDE_SOURCE;
				MTL_FAST_MATH = YES;
				ONLY_ACTIVE_ARCH = YES;
				SDKROOT = iphoneos;
				SWIFT_ACTIVE_COMPILATION_CONDITIONS = "DEBUG $(inherited)";
				SWIFT_OPTIMIZATION_LEVEL = "-Onone";
			};
			name = Debug;
		};
		3DBC66EC2B9F7BF9001A6B90 /* Release */ = {
			isa = XCBuildConfiguration;
			buildSettings = {
				ALWAYS_SEARCH_USER_PATHS = NO;
				ASSETCATALOG_COMPILER_GENERATE_SWIFT_ASSET_SYMBOL_EXTENSIONS = YES;
				CLANG_ANALYZER_NONNULL = YES;
				CLANG_ANALYZER_NUMBER_OBJECT_CONVERSION = YES_AGGRESSIVE;
				CLANG_CXX_LANGUAGE_STANDARD = "gnu++20";
				CLANG_ENABLE_MODULES = YES;
				CLANG_ENABLE_OBJC_ARC = YES;
				CLANG_ENABLE_OBJC_WEAK = YES;
				CLANG_WARN_BLOCK_CAPTURE_AUTORELEASING = YES;
				CLANG_WARN_BOOL_CONVERSION = YES;
				CLANG_WARN_COMMA = YES;
				CLANG_WARN_CONSTANT_CONVERSION = YES;
				CLANG_WARN_DEPRECATED_OBJC_IMPLEMENTATIONS = YES;
				CLANG_WARN_DIRECT_OBJC_ISA_USAGE = YES_ERROR;
				CLANG_WARN_DOCUMENTATION_COMMENTS = YES;
				CLANG_WARN_EMPTY_BODY = YES;
				CLANG_WARN_ENUM_CONVERSION = YES;
				CLANG_WARN_INFINITE_RECURSION = YES;
				CLANG_WARN_INT_CONVERSION = YES;
				CLANG_WARN_NON_LITERAL_NULL_CONVERSION = YES;
				CLANG_WARN_OBJC_IMPLICIT_RETAIN_SELF = YES;
				CLANG_WARN_OBJC_LITERAL_CONVERSION = YES;
				CLANG_WARN_OBJC_ROOT_CLASS = YES_ERROR;
				CLANG_WARN_QUOTED_INCLUDE_IN_FRAMEWORK_HEADER = YES;
				CLANG_WARN_RANGE_LOOP_ANALYSIS = YES;
				CLANG_WARN_STRICT_PROTOTYPES = YES;
				CLANG_WARN_SUSPICIOUS_MOVE = YES;
				CLANG_WARN_UNGUARDED_AVAILABILITY = YES_AGGRESSIVE;
				CLANG_WARN_UNREACHABLE_CODE = YES;
				CLANG_WARN__DUPLICATE_METHOD_MATCH = YES;
				COPY_PHASE_STRIP = NO;
				DEBUG_INFORMATION_FORMAT = "dwarf-with-dsym";
				ENABLE_NS_ASSERTIONS = NO;
				ENABLE_STRICT_OBJC_MSGSEND = YES;
				ENABLE_USER_SCRIPT_SANDBOXING = YES;
				GCC_C_LANGUAGE_STANDARD = gnu17;
				GCC_NO_COMMON_BLOCKS = YES;
				GCC_WARN_64_TO_32_BIT_CONVERSION = YES;
				GCC_WARN_ABOUT_RETURN_TYPE = YES_ERROR;
				GCC_WARN_UNDECLARED_SELECTOR = YES;
				GCC_WARN_UNINITIALIZED_AUTOS = YES_AGGRESSIVE;
				GCC_WARN_UNUSED_FUNCTION = YES;
				GCC_WARN_UNUSED_VARIABLE = YES;
				IPHONEOS_DEPLOYMENT_TARGET = 17.4;
				LOCALIZATION_PREFERS_STRING_CATALOGS = YES;
				MTL_ENABLE_DEBUG_INFO = NO;
				MTL_FAST_MATH = YES;
				SDKROOT = iphoneos;
				SWIFT_COMPILATION_MODE = wholemodule;
				VALIDATE_PRODUCT = YES;
			};
			name = Release;
		};
		3DBC66EE2B9F7BF9001A6B90 /* Debug */ = {
			isa = XCBuildConfiguration;
			buildSettings = {
				ASSETCATALOG_COMPILER_APPICON_NAME = AppIcon;
				ASSETCATALOG_COMPILER_GLOBAL_ACCENT_COLOR_NAME = AccentColor;
				CODE_SIGN_STYLE = Automatic;
				CURRENT_PROJECT_VERSION = 1;
				DEVELOPMENT_ASSET_PATHS = "\"BookieApp/Preview Content\"";
				ENABLE_PREVIEWS = YES;
				GENERATE_INFOPLIST_FILE = YES;
				INFOPLIST_KEY_UIApplicationSceneManifest_Generation = YES;
				INFOPLIST_KEY_UIApplicationSupportsIndirectInputEvents = YES;
				INFOPLIST_KEY_UILaunchScreen_Generation = YES;
				INFOPLIST_KEY_UISupportedInterfaceOrientations_iPad = "UIInterfaceOrientationPortrait UIInterfaceOrientationPortraitUpsideDown UIInterfaceOrientationLandscapeLeft UIInterfaceOrientationLandscapeRight";
				INFOPLIST_KEY_UISupportedInterfaceOrientations_iPhone = "UIInterfaceOrientationPortrait UIInterfaceOrientationLandscapeLeft UIInterfaceOrientationLandscapeRight";
				LD_RUNPATH_SEARCH_PATHS = (
					"$(inherited)",
					"@executable_path/Frameworks",
				);
				MARKETING_VERSION = 1.0;
				PRODUCT_BUNDLE_IDENTIFIER = es.Estech.BookieApp;
				PRODUCT_NAME = "$(TARGET_NAME)";
				SWIFT_EMIT_LOC_STRINGS = YES;
				SWIFT_VERSION = 5.0;
				TARGETED_DEVICE_FAMILY = "1,2";
			};
			name = Debug;
		};
		3DBC66EF2B9F7BF9001A6B90 /* Release */ = {
			isa = XCBuildConfiguration;
			buildSettings = {
				ASSETCATALOG_COMPILER_APPICON_NAME = AppIcon;
				ASSETCATALOG_COMPILER_GLOBAL_ACCENT_COLOR_NAME = AccentColor;
				CODE_SIGN_STYLE = Automatic;
				CURRENT_PROJECT_VERSION = 1;
				DEVELOPMENT_ASSET_PATHS = "\"BookieApp/Preview Content\"";
				ENABLE_PREVIEWS = YES;
				GENERATE_INFOPLIST_FILE = YES;
				INFOPLIST_KEY_UIApplicationSceneManifest_Generation = YES;
				INFOPLIST_KEY_UIApplicationSupportsIndirectInputEvents = YES;
				INFOPLIST_KEY_UILaunchScreen_Generation = YES;
				INFOPLIST_KEY_UISupportedInterfaceOrientations_iPad = "UIInterfaceOrientationPortrait UIInterfaceOrientationPortraitUpsideDown UIInterfaceOrientationLandscapeLeft UIInterfaceOrientationLandscapeRight";
				INFOPLIST_KEY_UISupportedInterfaceOrientations_iPhone = "UIInterfaceOrientationPortrait UIInterfaceOrientationLandscapeLeft UIInterfaceOrientationLandscapeRight";
				LD_RUNPATH_SEARCH_PATHS = (
					"$(inherited)",
					"@executable_path/Frameworks",
				);
				MARKETING_VERSION = 1.0;
				PRODUCT_BUNDLE_IDENTIFIER = es.Estech.BookieApp;
				PRODUCT_NAME = "$(TARGET_NAME)";
				SWIFT_EMIT_LOC_STRINGS = YES;
				SWIFT_VERSION = 5.0;
				TARGETED_DEVICE_FAMILY = "1,2";
			};
			name = Release;
		};
/* End XCBuildConfiguration section */

/* Begin XCConfigurationList section */
		3DBC66DA2B9F7BF8001A6B90 /* Build configuration list for PBXProject "BookieApp" */ = {
			isa = XCConfigurationList;
			buildConfigurations = (
				3DBC66EB2B9F7BF9001A6B90 /* Debug */,
				3DBC66EC2B9F7BF9001A6B90 /* Release */,
			);
			defaultConfigurationIsVisible = 0;
			defaultConfigurationName = Release;
		};
		3DBC66ED2B9F7BF9001A6B90 /* Build configuration list for PBXNativeTarget "BookieApp" */ = {
			isa = XCConfigurationList;
			buildConfigurations = (
				3DBC66EE2B9F7BF9001A6B90 /* Debug */,
				3DBC66EF2B9F7BF9001A6B90 /* Release */,
			);
			defaultConfigurationIsVisible = 0;
			defaultConfigurationName = Release;
		};
/* End XCConfigurationList section */
	};
	rootObject = 3DBC66D72B9F7BF8001A6B90 /* Project object */;
}
